
Microsoft Visual Studio Solution File, Format Version 12.00
# Visual Studio 14
VisualStudioVersion = 14.0.24720.0
MinimumVisualStudioVersion = 10.0.40219.1
Project("{FAE04EC0-301F-11D3-BF4B-00C04F79EFBC}") = "Chub", "Chub\Chub.csproj", "{253DFF84-EAE0-46EF-B380-4F3A1CC7429D}"
EndProject
Project("{FAE04EC0-301F-11D3-BF4B-00C04F79EFBC}") = "Grid", "Grid\Grid.csproj", "{17440149-FCE0-42FC-A0B0-D7ECF58E0C69}"
EndProject
Global
	GlobalSection(SolutionConfigurationPlatforms) = preSolution
		Debug|ARM = Debug|ARM
		Debug|x64 = Debug|x64
		Debug|x86 = Debug|x86
		Release|ARM = Release|ARM
		Release|x64 = Release|x64
		Release|x86 = Release|x86
	EndGlobalSection
	GlobalSection(ProjectConfigurationPlatforms) = postSolution
		{253DFF84-EAE0-46EF-B380-4F3A1CC7429D}.Debug|ARM.ActiveCfg = Debug|ARM
		{253DFF84-EAE0-46EF-B380-4F3A1CC7429D}.Debug|ARM.Build.0 = Debug|ARM
		{253DFF84-EAE0-46EF-B380-4F3A1CC7429D}.Debug|ARM.Deploy.0 = Debug|ARM
		{253DFF84-EAE0-46EF-B380-4F3A1CC7429D}.Debug|x64.ActiveCfg = Debug|x64
		{253DFF84-EAE0-46EF-B380-4F3A1CC7429D}.Debug|x64.Build.0 = Debug|x64
		{253DFF84-EAE0-46EF-B380-4F3A1CC7429D}.Debug|x64.Deploy.0 = Debug|x64
		{253DFF84-EAE0-46EF-B380-4F3A1CC7429D}.Debug|x86.ActiveCfg = Debug|x86
		{253DFF84-EAE0-46EF-B380-4F3A1CC7429D}.Debug|x86.Build.0 = Debug|x86
		{253DFF84-EAE0-46EF-B380-4F3A1CC7429D}.Debug|x86.Deploy.0 = Debug|x86
		{253DFF84-EAE0-46EF-B380-4F3A1CC7429D}.Release|ARM.ActiveCfg = Release|ARM
		{253DFF84-EAE0-46EF-B380-4F3A1CC7429D}.Release|ARM.Build.0 = Release|ARM
		{253DFF84-EAE0-46EF-B380-4F3A1CC7429D}.Release|ARM.Deploy.0 = Release|ARM
		{253DFF84-EAE0-46EF-B380-4F3A1CC7429D}.Release|x64.ActiveCfg = Release|x64
		{253DFF84-EAE0-46EF-B380-4F3A1CC7429D}.Release|x64.Build.0 = Release|x64
		{253DFF84-EAE0-46EF-B380-4F3A1CC7429D}.Release|x64.Deploy.0 = Release|x64
		{253DFF84-EAE0-46EF-B380-4F3A1CC7429D}.Release|x86.ActiveCfg = Release|x86
		{253DFF84-EAE0-46EF-B380-4F3A1CC7429D}.Release|x86.Build.0 = Release|x86
		{253DFF84-EAE0-46EF-B380-4F3A1CC7429D}.Release|x86.Deploy.0 = Release|x86
		{17440149-FCE0-42FC-A0B0-D7ECF58E0C69}.Debug|ARM.ActiveCfg = Debug|ARM
		{17440149-FCE0-42FC-A0B0-D7ECF58E0C69}.Debug|ARM.Build.0 = Debug|ARM
		{17440149-FCE0-42FC-A0B0-D7ECF58E0C69}.Debug|ARM.Deploy.0 = Debug|ARM
		{17440149-FCE0-42FC-A0B0-D7ECF58E0C69}.Debug|x64.ActiveCfg = Debug|x64
		{17440149-FCE0-42FC-A0B0-D7ECF58E0C69}.Debug|x64.Build.0 = Debug|x64
		{17440149-FCE0-42FC-A0B0-D7ECF58E0C69}.Debug|x64.Deploy.0 = Debug|x64
		{17440149-FCE0-42FC-A0B0-D7ECF58E0C69}.Debug|x86.ActiveCfg = Debug|x86
		{17440149-FCE0-42FC-A0B0-D7ECF58E0C69}.Debug|x86.Build.0 = Debug|x86
		{17440149-FCE0-42FC-A0B0-D7ECF58E0C69}.Debug|x86.Deploy.0 = Debug|x86
		{17440149-FCE0-42FC-A0B0-D7ECF58E0C69}.Release|ARM.ActiveCfg = Release|ARM
		{17440149-FCE0-42FC-A0B0-D7ECF58E0C69}.Release|ARM.Build.0 = Release|ARM
		{17440149-FCE0-42FC-A0B0-D7ECF58E0C69}.Release|ARM.Deploy.0 = Release|ARM
		{17440149-FCE0-42FC-A0B0-D7ECF58E0C69}.Release|x64.ActiveCfg = Release|x64
		{17440149-FCE0-42FC-A0B0-D7ECF58E0C69}.Release|x64.Build.0 = Release|x64
		{17440149-FCE0-42FC-A0B0-D7ECF58E0C69}.Release|x64.Deploy.0 = Release|x64
		{17440149-FCE0-42FC-A0B0-D7ECF58E0C69}.Release|x86.ActiveCfg = Release|x86
		{17440149-FCE0-42FC-A0B0-D7ECF58E0C69}.Release|x86.Build.0 = Release|x86
		{17440149-FCE0-42FC-A0B0-D7ECF58E0C69}.Release|x86.Deploy.0 = Release|x86
	EndGlobalSection
	GlobalSection(SolutionProperties) = preSolution
		HideSolutionNode = FALSE
	EndGlobalSection
EndGlobal
