
Microsoft Visual Studio Solution File, Format Version 12.00
# Visual Studio 14
VisualStudioVersion = 14.0.23107.0
MinimumVisualStudioVersion = 10.0.40219.1
Project("{FAE04EC0-301F-11D3-BF4B-00C04F79EFBC}") = "CShowUI", "CShowUI\CShowUI.csproj", "{86891485-38B8-4362-B6EE-565BDD2623F6}"
EndProject
Project("{FAE04EC0-301F-11D3-BF4B-00C04F79EFBC}") = "ClassLib", "ClassLib\ClassLib.csproj", "{CB246729-D91F-4E78-8575-6BA2060B0916}"
EndProject
Project("{FAE04EC0-301F-11D3-BF4B-00C04F79EFBC}") = "Mytask", "Mytask\Mytask.csproj", "{82083FED-4E25-402B-BB84-65500F9E4AC5}"
EndProject
Project("{FAE04EC0-301F-11D3-BF4B-00C04F79EFBC}") = "CColorApp", "CColorApp\CColorApp.csproj", "{AC4AAD97-BA43-4878-829C-66CAC8909C06}"
EndProject
Project("{FAE04EC0-301F-11D3-BF4B-00C04F79EFBC}") = "CDrag", "CDrag\CDrag.csproj", "{0EB16D21-1E01-4AC8-9F5F-4E1DE547045A}"
EndProject
Project("{FAE04EC0-301F-11D3-BF4B-00C04F79EFBC}") = "CShowUINull", "CShowUINull\CShowUINull.csproj", "{054963AC-A6E1-4A8D-BBF9-3505EB86ACD4}"
EndProject
Global
	GlobalSection(SolutionConfigurationPlatforms) = preSolution
		Debug|Any CPU = Debug|Any CPU
		Debug|ARM = Debug|ARM
		Debug|x64 = Debug|x64
		Debug|x86 = Debug|x86
		Release|Any CPU = Release|Any CPU
		Release|ARM = Release|ARM
		Release|x64 = Release|x64
		Release|x86 = Release|x86
	EndGlobalSection
	GlobalSection(ProjectConfigurationPlatforms) = postSolution
		{86891485-38B8-4362-B6EE-565BDD2623F6}.Debug|Any CPU.ActiveCfg = Debug|x86
		{86891485-38B8-4362-B6EE-565BDD2623F6}.Debug|ARM.ActiveCfg = Debug|ARM
		{86891485-38B8-4362-B6EE-565BDD2623F6}.Debug|ARM.Build.0 = Debug|ARM
		{86891485-38B8-4362-B6EE-565BDD2623F6}.Debug|ARM.Deploy.0 = Debug|ARM
		{86891485-38B8-4362-B6EE-565BDD2623F6}.Debug|x64.ActiveCfg = Debug|x64
		{86891485-38B8-4362-B6EE-565BDD2623F6}.Debug|x64.Build.0 = Debug|x64
		{86891485-38B8-4362-B6EE-565BDD2623F6}.Debug|x64.Deploy.0 = Debug|x64
		{86891485-38B8-4362-B6EE-565BDD2623F6}.Debug|x86.ActiveCfg = Debug|x86
		{86891485-38B8-4362-B6EE-565BDD2623F6}.Debug|x86.Build.0 = Debug|x86
		{86891485-38B8-4362-B6EE-565BDD2623F6}.Debug|x86.Deploy.0 = Debug|x86
		{86891485-38B8-4362-B6EE-565BDD2623F6}.Release|Any CPU.ActiveCfg = Release|x86
		{86891485-38B8-4362-B6EE-565BDD2623F6}.Release|ARM.ActiveCfg = Release|ARM
		{86891485-38B8-4362-B6EE-565BDD2623F6}.Release|ARM.Build.0 = Release|ARM
		{86891485-38B8-4362-B6EE-565BDD2623F6}.Release|ARM.Deploy.0 = Release|ARM
		{86891485-38B8-4362-B6EE-565BDD2623F6}.Release|x64.ActiveCfg = Release|x64
		{86891485-38B8-4362-B6EE-565BDD2623F6}.Release|x64.Build.0 = Release|x64
		{86891485-38B8-4362-B6EE-565BDD2623F6}.Release|x64.Deploy.0 = Release|x64
		{86891485-38B8-4362-B6EE-565BDD2623F6}.Release|x86.ActiveCfg = Release|x86
		{86891485-38B8-4362-B6EE-565BDD2623F6}.Release|x86.Build.0 = Release|x86
		{86891485-38B8-4362-B6EE-565BDD2623F6}.Release|x86.Deploy.0 = Release|x86
		{CB246729-D91F-4E78-8575-6BA2060B0916}.Debug|Any CPU.ActiveCfg = Debug|Any CPU
		{CB246729-D91F-4E78-8575-6BA2060B0916}.Debug|Any CPU.Build.0 = Debug|Any CPU
		{CB246729-D91F-4E78-8575-6BA2060B0916}.Debug|ARM.ActiveCfg = Debug|ARM
		{CB246729-D91F-4E78-8575-6BA2060B0916}.Debug|ARM.Build.0 = Debug|ARM
		{CB246729-D91F-4E78-8575-6BA2060B0916}.Debug|x64.ActiveCfg = Debug|x64
		{CB246729-D91F-4E78-8575-6BA2060B0916}.Debug|x64.Build.0 = Debug|x64
		{CB246729-D91F-4E78-8575-6BA2060B0916}.Debug|x86.ActiveCfg = Debug|x86
		{CB246729-D91F-4E78-8575-6BA2060B0916}.Debug|x86.Build.0 = Debug|x86
		{CB246729-D91F-4E78-8575-6BA2060B0916}.Release|Any CPU.ActiveCfg = Release|Any CPU
		{CB246729-D91F-4E78-8575-6BA2060B0916}.Release|Any CPU.Build.0 = Release|Any CPU
		{CB246729-D91F-4E78-8575-6BA2060B0916}.Release|ARM.ActiveCfg = Release|ARM
		{CB246729-D91F-4E78-8575-6BA2060B0916}.Release|ARM.Build.0 = Release|ARM
		{CB246729-D91F-4E78-8575-6BA2060B0916}.Release|x64.ActiveCfg = Release|x64
		{CB246729-D91F-4E78-8575-6BA2060B0916}.Release|x64.Build.0 = Release|x64
		{CB246729-D91F-4E78-8575-6BA2060B0916}.Release|x86.ActiveCfg = Release|x86
		{CB246729-D91F-4E78-8575-6BA2060B0916}.Release|x86.Build.0 = Release|x86
		{82083FED-4E25-402B-BB84-65500F9E4AC5}.Debug|Any CPU.ActiveCfg = Debug|Any CPU
		{82083FED-4E25-402B-BB84-65500F9E4AC5}.Debug|Any CPU.Build.0 = Debug|Any CPU
		{82083FED-4E25-402B-BB84-65500F9E4AC5}.Debug|ARM.ActiveCfg = Debug|ARM
		{82083FED-4E25-402B-BB84-65500F9E4AC5}.Debug|ARM.Build.0 = Debug|ARM
		{82083FED-4E25-402B-BB84-65500F9E4AC5}.Debug|x64.ActiveCfg = Debug|x64
		{82083FED-4E25-402B-BB84-65500F9E4AC5}.Debug|x64.Build.0 = Debug|x64
		{82083FED-4E25-402B-BB84-65500F9E4AC5}.Debug|x86.ActiveCfg = Debug|x86
		{82083FED-4E25-402B-BB84-65500F9E4AC5}.Debug|x86.Build.0 = Debug|x86
		{82083FED-4E25-402B-BB84-65500F9E4AC5}.Release|Any CPU.ActiveCfg = Release|Any CPU
		{82083FED-4E25-402B-BB84-65500F9E4AC5}.Release|Any CPU.Build.0 = Release|Any CPU
		{82083FED-4E25-402B-BB84-65500F9E4AC5}.Release|ARM.ActiveCfg = Release|ARM
		{82083FED-4E25-402B-BB84-65500F9E4AC5}.Release|ARM.Build.0 = Release|ARM
		{82083FED-4E25-402B-BB84-65500F9E4AC5}.Release|x64.ActiveCfg = Release|x64
		{82083FED-4E25-402B-BB84-65500F9E4AC5}.Release|x64.Build.0 = Release|x64
		{82083FED-4E25-402B-BB84-65500F9E4AC5}.Release|x86.ActiveCfg = Release|x86
		{82083FED-4E25-402B-BB84-65500F9E4AC5}.Release|x86.Build.0 = Release|x86
		{AC4AAD97-BA43-4878-829C-66CAC8909C06}.Debug|Any CPU.ActiveCfg = Debug|x86
		{AC4AAD97-BA43-4878-829C-66CAC8909C06}.Debug|ARM.ActiveCfg = Debug|ARM
		{AC4AAD97-BA43-4878-829C-66CAC8909C06}.Debug|ARM.Build.0 = Debug|ARM
		{AC4AAD97-BA43-4878-829C-66CAC8909C06}.Debug|ARM.Deploy.0 = Debug|ARM
		{AC4AAD97-BA43-4878-829C-66CAC8909C06}.Debug|x64.ActiveCfg = Debug|x64
		{AC4AAD97-BA43-4878-829C-66CAC8909C06}.Debug|x64.Build.0 = Debug|x64
		{AC4AAD97-BA43-4878-829C-66CAC8909C06}.Debug|x64.Deploy.0 = Debug|x64
		{AC4AAD97-BA43-4878-829C-66CAC8909C06}.Debug|x86.ActiveCfg = Debug|x86
		{AC4AAD97-BA43-4878-829C-66CAC8909C06}.Debug|x86.Build.0 = Debug|x86
		{AC4AAD97-BA43-4878-829C-66CAC8909C06}.Debug|x86.Deploy.0 = Debug|x86
		{AC4AAD97-BA43-4878-829C-66CAC8909C06}.Release|Any CPU.ActiveCfg = Release|x86
		{AC4AAD97-BA43-4878-829C-66CAC8909C06}.Release|ARM.ActiveCfg = Release|ARM
		{AC4AAD97-BA43-4878-829C-66CAC8909C06}.Release|ARM.Build.0 = Release|ARM
		{AC4AAD97-BA43-4878-829C-66CAC8909C06}.Release|ARM.Deploy.0 = Release|ARM
		{AC4AAD97-BA43-4878-829C-66CAC8909C06}.Release|x64.ActiveCfg = Release|x64
		{AC4AAD97-BA43-4878-829C-66CAC8909C06}.Release|x64.Build.0 = Release|x64
		{AC4AAD97-BA43-4878-829C-66CAC8909C06}.Release|x64.Deploy.0 = Release|x64
		{AC4AAD97-BA43-4878-829C-66CAC8909C06}.Release|x86.ActiveCfg = Release|x86
		{AC4AAD97-BA43-4878-829C-66CAC8909C06}.Release|x86.Build.0 = Release|x86
		{AC4AAD97-BA43-4878-829C-66CAC8909C06}.Release|x86.Deploy.0 = Release|x86
		{0EB16D21-1E01-4AC8-9F5F-4E1DE547045A}.Debug|Any CPU.ActiveCfg = Debug|x86
		{0EB16D21-1E01-4AC8-9F5F-4E1DE547045A}.Debug|ARM.ActiveCfg = Debug|ARM
		{0EB16D21-1E01-4AC8-9F5F-4E1DE547045A}.Debug|ARM.Build.0 = Debug|ARM
		{0EB16D21-1E01-4AC8-9F5F-4E1DE547045A}.Debug|ARM.Deploy.0 = Debug|ARM
		{0EB16D21-1E01-4AC8-9F5F-4E1DE547045A}.Debug|x64.ActiveCfg = Debug|x64
		{0EB16D21-1E01-4AC8-9F5F-4E1DE547045A}.Debug|x64.Build.0 = Debug|x64
		{0EB16D21-1E01-4AC8-9F5F-4E1DE547045A}.Debug|x64.Deploy.0 = Debug|x64
		{0EB16D21-1E01-4AC8-9F5F-4E1DE547045A}.Debug|x86.ActiveCfg = Debug|x86
		{0EB16D21-1E01-4AC8-9F5F-4E1DE547045A}.Debug|x86.Build.0 = Debug|x86
		{0EB16D21-1E01-4AC8-9F5F-4E1DE547045A}.Debug|x86.Deploy.0 = Debug|x86
		{0EB16D21-1E01-4AC8-9F5F-4E1DE547045A}.Release|Any CPU.ActiveCfg = Release|x86
		{0EB16D21-1E01-4AC8-9F5F-4E1DE547045A}.Release|ARM.ActiveCfg = Release|ARM
		{0EB16D21-1E01-4AC8-9F5F-4E1DE547045A}.Release|ARM.Build.0 = Release|ARM
		{0EB16D21-1E01-4AC8-9F5F-4E1DE547045A}.Release|ARM.Deploy.0 = Release|ARM
		{0EB16D21-1E01-4AC8-9F5F-4E1DE547045A}.Release|x64.ActiveCfg = Release|x64
		{0EB16D21-1E01-4AC8-9F5F-4E1DE547045A}.Release|x64.Build.0 = Release|x64
		{0EB16D21-1E01-4AC8-9F5F-4E1DE547045A}.Release|x64.Deploy.0 = Release|x64
		{0EB16D21-1E01-4AC8-9F5F-4E1DE547045A}.Release|x86.ActiveCfg = Release|x86
		{0EB16D21-1E01-4AC8-9F5F-4E1DE547045A}.Release|x86.Build.0 = Release|x86
		{0EB16D21-1E01-4AC8-9F5F-4E1DE547045A}.Release|x86.Deploy.0 = Release|x86
		{054963AC-A6E1-4A8D-BBF9-3505EB86ACD4}.Debug|Any CPU.ActiveCfg = Debug|x86
		{054963AC-A6E1-4A8D-BBF9-3505EB86ACD4}.Debug|ARM.ActiveCfg = Debug|ARM
		{054963AC-A6E1-4A8D-BBF9-3505EB86ACD4}.Debug|ARM.Build.0 = Debug|ARM
		{054963AC-A6E1-4A8D-BBF9-3505EB86ACD4}.Debug|ARM.Deploy.0 = Debug|ARM
		{054963AC-A6E1-4A8D-BBF9-3505EB86ACD4}.Debug|x64.ActiveCfg = Debug|x64
		{054963AC-A6E1-4A8D-BBF9-3505EB86ACD4}.Debug|x64.Build.0 = Debug|x64
		{054963AC-A6E1-4A8D-BBF9-3505EB86ACD4}.Debug|x64.Deploy.0 = Debug|x64
		{054963AC-A6E1-4A8D-BBF9-3505EB86ACD4}.Debug|x86.ActiveCfg = Debug|x86
		{054963AC-A6E1-4A8D-BBF9-3505EB86ACD4}.Debug|x86.Build.0 = Debug|x86
		{054963AC-A6E1-4A8D-BBF9-3505EB86ACD4}.Debug|x86.Deploy.0 = Debug|x86
		{054963AC-A6E1-4A8D-BBF9-3505EB86ACD4}.Release|Any CPU.ActiveCfg = Release|x86
		{054963AC-A6E1-4A8D-BBF9-3505EB86ACD4}.Release|ARM.ActiveCfg = Release|ARM
		{054963AC-A6E1-4A8D-BBF9-3505EB86ACD4}.Release|ARM.Build.0 = Release|ARM
		{054963AC-A6E1-4A8D-BBF9-3505EB86ACD4}.Release|ARM.Deploy.0 = Release|ARM
		{054963AC-A6E1-4A8D-BBF9-3505EB86ACD4}.Release|x64.ActiveCfg = Release|x64
		{054963AC-A6E1-4A8D-BBF9-3505EB86ACD4}.Release|x64.Build.0 = Release|x64
		{054963AC-A6E1-4A8D-BBF9-3505EB86ACD4}.Release|x64.Deploy.0 = Release|x64
		{054963AC-A6E1-4A8D-BBF9-3505EB86ACD4}.Release|x86.ActiveCfg = Release|x86
		{054963AC-A6E1-4A8D-BBF9-3505EB86ACD4}.Release|x86.Build.0 = Release|x86
		{054963AC-A6E1-4A8D-BBF9-3505EB86ACD4}.Release|x86.Deploy.0 = Release|x86
	EndGlobalSection
	GlobalSection(SolutionProperties) = preSolution
		HideSolutionNode = FALSE
	EndGlobalSection
EndGlobal
