
Microsoft Visual Studio Solution File, Format Version 12.00
# Visual Studio 14
VisualStudioVersion = 14.0.25420.1
MinimumVisualStudioVersion = 10.0.40219.1
Project("{FAE04EC0-301F-11D3-BF4B-00C04F79EFBC}") = "CHyperLink", "CHyperLink\CHyperLink.csproj", "{A1F66E17-1C04-4A6A-A4C1-4EB671EAC4F4}"
EndProject
Project("{FAE04EC0-301F-11D3-BF4B-00C04F79EFBC}") = "SimpleHyperlink", "SimpleHyperlink\SimpleHyperlink.csproj", "{A0EC3D64-074D-4293-ADA6-AFF23543B188}"
EndProject
Project("{FAE04EC0-301F-11D3-BF4B-00C04F79EFBC}") = "CHyperpartChoose", "CHyperpartChoose\CHyperpartChoose.csproj", "{1D710622-4772-4826-9637-C0B7DC79FC2E}"
EndProject
Project("{2150E333-8FDC-42A3-9474-1A3956D46DE8}") = "C8.1Hyperlink", "C8.1Hyperlink", "{08FDD18A-31F9-4741-9C94-2CC0AA507CB1}"
EndProject
Project("{D954291E-2A0B-460D-934E-DC6B0785DB48}") = "C8.1Hyperlink.Shared", "C8.1Hyperlink\C8.1Hyperlink.Shared\C8.1Hyperlink.Shared.shproj", "{1FB3DB01-9DE5-4499-BA14-9202C7460B08}"
EndProject
Project("{FAE04EC0-301F-11D3-BF4B-00C04F79EFBC}") = "C8.1Hyperlink.Windows", "C8.1Hyperlink\C8.1Hyperlink.Windows\C8.1Hyperlink.Windows.csproj", "{4622E2F7-2D6F-4BB6-B82A-CD8A737459B2}"
EndProject
Project("{FAE04EC0-301F-11D3-BF4B-00C04F79EFBC}") = "C8.1Hyperlink.WindowsPhone", "C8.1Hyperlink\C8.1Hyperlink.WindowsPhone\C8.1Hyperlink.WindowsPhone.csproj", "{B0A751FB-1E5E-48BF-8B56-9C3C031F4E23}"
EndProject
Global
	GlobalSection(SharedMSBuildProjectFiles) = preSolution
		C8.1Hyperlink\C8.1Hyperlink.Shared\C8.1Hyperlink.Shared.projitems*{1fb3db01-9de5-4499-ba14-9202c7460b08}*SharedItemsImports = 13
		C8.1Hyperlink\C8.1Hyperlink.Shared\C8.1Hyperlink.Shared.projitems*{4622e2f7-2d6f-4bb6-b82a-cd8a737459b2}*SharedItemsImports = 4
		C8.1Hyperlink\C8.1Hyperlink.Shared\C8.1Hyperlink.Shared.projitems*{b0a751fb-1e5e-48bf-8b56-9c3c031f4e23}*SharedItemsImports = 4
	EndGlobalSection
	GlobalSection(SolutionConfigurationPlatforms) = preSolution
		Debug|Any CPU = Debug|Any CPU
		Debug|ARM = Debug|ARM
		Debug|x64 = Debug|x64
		Debug|x86 = Debug|x86
		Release|Any CPU = Release|Any CPU
		Release|ARM = Release|ARM
		Release|x64 = Release|x64
		Release|x86 = Release|x86
	EndGlobalSection
	GlobalSection(ProjectConfigurationPlatforms) = postSolution
		{A1F66E17-1C04-4A6A-A4C1-4EB671EAC4F4}.Debug|Any CPU.ActiveCfg = Debug|x86
		{A1F66E17-1C04-4A6A-A4C1-4EB671EAC4F4}.Debug|ARM.ActiveCfg = Debug|ARM
		{A1F66E17-1C04-4A6A-A4C1-4EB671EAC4F4}.Debug|ARM.Build.0 = Debug|ARM
		{A1F66E17-1C04-4A6A-A4C1-4EB671EAC4F4}.Debug|ARM.Deploy.0 = Debug|ARM
		{A1F66E17-1C04-4A6A-A4C1-4EB671EAC4F4}.Debug|x64.ActiveCfg = Debug|x64
		{A1F66E17-1C04-4A6A-A4C1-4EB671EAC4F4}.Debug|x64.Build.0 = Debug|x64
		{A1F66E17-1C04-4A6A-A4C1-4EB671EAC4F4}.Debug|x64.Deploy.0 = Debug|x64
		{A1F66E17-1C04-4A6A-A4C1-4EB671EAC4F4}.Debug|x86.ActiveCfg = Debug|x86
		{A1F66E17-1C04-4A6A-A4C1-4EB671EAC4F4}.Debug|x86.Build.0 = Debug|x86
		{A1F66E17-1C04-4A6A-A4C1-4EB671EAC4F4}.Debug|x86.Deploy.0 = Debug|x86
		{A1F66E17-1C04-4A6A-A4C1-4EB671EAC4F4}.Release|Any CPU.ActiveCfg = Release|x86
		{A1F66E17-1C04-4A6A-A4C1-4EB671EAC4F4}.Release|ARM.ActiveCfg = Release|ARM
		{A1F66E17-1C04-4A6A-A4C1-4EB671EAC4F4}.Release|ARM.Build.0 = Release|ARM
		{A1F66E17-1C04-4A6A-A4C1-4EB671EAC4F4}.Release|ARM.Deploy.0 = Release|ARM
		{A1F66E17-1C04-4A6A-A4C1-4EB671EAC4F4}.Release|x64.ActiveCfg = Release|x64
		{A1F66E17-1C04-4A6A-A4C1-4EB671EAC4F4}.Release|x64.Build.0 = Release|x64
		{A1F66E17-1C04-4A6A-A4C1-4EB671EAC4F4}.Release|x64.Deploy.0 = Release|x64
		{A1F66E17-1C04-4A6A-A4C1-4EB671EAC4F4}.Release|x86.ActiveCfg = Release|x86
		{A1F66E17-1C04-4A6A-A4C1-4EB671EAC4F4}.Release|x86.Build.0 = Release|x86
		{A1F66E17-1C04-4A6A-A4C1-4EB671EAC4F4}.Release|x86.Deploy.0 = Release|x86
		{A0EC3D64-074D-4293-ADA6-AFF23543B188}.Debug|Any CPU.ActiveCfg = Debug|x86
		{A0EC3D64-074D-4293-ADA6-AFF23543B188}.Debug|ARM.ActiveCfg = Debug|ARM
		{A0EC3D64-074D-4293-ADA6-AFF23543B188}.Debug|ARM.Build.0 = Debug|ARM
		{A0EC3D64-074D-4293-ADA6-AFF23543B188}.Debug|ARM.Deploy.0 = Debug|ARM
		{A0EC3D64-074D-4293-ADA6-AFF23543B188}.Debug|x64.ActiveCfg = Debug|x64
		{A0EC3D64-074D-4293-ADA6-AFF23543B188}.Debug|x64.Build.0 = Debug|x64
		{A0EC3D64-074D-4293-ADA6-AFF23543B188}.Debug|x64.Deploy.0 = Debug|x64
		{A0EC3D64-074D-4293-ADA6-AFF23543B188}.Debug|x86.ActiveCfg = Debug|x86
		{A0EC3D64-074D-4293-ADA6-AFF23543B188}.Debug|x86.Build.0 = Debug|x86
		{A0EC3D64-074D-4293-ADA6-AFF23543B188}.Debug|x86.Deploy.0 = Debug|x86
		{A0EC3D64-074D-4293-ADA6-AFF23543B188}.Release|Any CPU.ActiveCfg = Release|x86
		{A0EC3D64-074D-4293-ADA6-AFF23543B188}.Release|ARM.ActiveCfg = Release|ARM
		{A0EC3D64-074D-4293-ADA6-AFF23543B188}.Release|ARM.Build.0 = Release|ARM
		{A0EC3D64-074D-4293-ADA6-AFF23543B188}.Release|ARM.Deploy.0 = Release|ARM
		{A0EC3D64-074D-4293-ADA6-AFF23543B188}.Release|x64.ActiveCfg = Release|x64
		{A0EC3D64-074D-4293-ADA6-AFF23543B188}.Release|x64.Build.0 = Release|x64
		{A0EC3D64-074D-4293-ADA6-AFF23543B188}.Release|x64.Deploy.0 = Release|x64
		{A0EC3D64-074D-4293-ADA6-AFF23543B188}.Release|x86.ActiveCfg = Release|x86
		{A0EC3D64-074D-4293-ADA6-AFF23543B188}.Release|x86.Build.0 = Release|x86
		{A0EC3D64-074D-4293-ADA6-AFF23543B188}.Release|x86.Deploy.0 = Release|x86
		{1D710622-4772-4826-9637-C0B7DC79FC2E}.Debug|Any CPU.ActiveCfg = Debug|x86
		{1D710622-4772-4826-9637-C0B7DC79FC2E}.Debug|ARM.ActiveCfg = Debug|ARM
		{1D710622-4772-4826-9637-C0B7DC79FC2E}.Debug|ARM.Build.0 = Debug|ARM
		{1D710622-4772-4826-9637-C0B7DC79FC2E}.Debug|ARM.Deploy.0 = Debug|ARM
		{1D710622-4772-4826-9637-C0B7DC79FC2E}.Debug|x64.ActiveCfg = Debug|x64
		{1D710622-4772-4826-9637-C0B7DC79FC2E}.Debug|x64.Build.0 = Debug|x64
		{1D710622-4772-4826-9637-C0B7DC79FC2E}.Debug|x64.Deploy.0 = Debug|x64
		{1D710622-4772-4826-9637-C0B7DC79FC2E}.Debug|x86.ActiveCfg = Debug|x86
		{1D710622-4772-4826-9637-C0B7DC79FC2E}.Debug|x86.Build.0 = Debug|x86
		{1D710622-4772-4826-9637-C0B7DC79FC2E}.Debug|x86.Deploy.0 = Debug|x86
		{1D710622-4772-4826-9637-C0B7DC79FC2E}.Release|Any CPU.ActiveCfg = Release|x86
		{1D710622-4772-4826-9637-C0B7DC79FC2E}.Release|ARM.ActiveCfg = Release|ARM
		{1D710622-4772-4826-9637-C0B7DC79FC2E}.Release|ARM.Build.0 = Release|ARM
		{1D710622-4772-4826-9637-C0B7DC79FC2E}.Release|ARM.Deploy.0 = Release|ARM
		{1D710622-4772-4826-9637-C0B7DC79FC2E}.Release|x64.ActiveCfg = Release|x64
		{1D710622-4772-4826-9637-C0B7DC79FC2E}.Release|x64.Build.0 = Release|x64
		{1D710622-4772-4826-9637-C0B7DC79FC2E}.Release|x64.Deploy.0 = Release|x64
		{1D710622-4772-4826-9637-C0B7DC79FC2E}.Release|x86.ActiveCfg = Release|x86
		{1D710622-4772-4826-9637-C0B7DC79FC2E}.Release|x86.Build.0 = Release|x86
		{1D710622-4772-4826-9637-C0B7DC79FC2E}.Release|x86.Deploy.0 = Release|x86
		{4622E2F7-2D6F-4BB6-B82A-CD8A737459B2}.Debug|Any CPU.ActiveCfg = Debug|Any CPU
		{4622E2F7-2D6F-4BB6-B82A-CD8A737459B2}.Debug|Any CPU.Build.0 = Debug|Any CPU
		{4622E2F7-2D6F-4BB6-B82A-CD8A737459B2}.Debug|Any CPU.Deploy.0 = Debug|Any CPU
		{4622E2F7-2D6F-4BB6-B82A-CD8A737459B2}.Debug|ARM.ActiveCfg = Debug|ARM
		{4622E2F7-2D6F-4BB6-B82A-CD8A737459B2}.Debug|ARM.Build.0 = Debug|ARM
		{4622E2F7-2D6F-4BB6-B82A-CD8A737459B2}.Debug|ARM.Deploy.0 = Debug|ARM
		{4622E2F7-2D6F-4BB6-B82A-CD8A737459B2}.Debug|x64.ActiveCfg = Debug|x64
		{4622E2F7-2D6F-4BB6-B82A-CD8A737459B2}.Debug|x64.Build.0 = Debug|x64
		{4622E2F7-2D6F-4BB6-B82A-CD8A737459B2}.Debug|x64.Deploy.0 = Debug|x64
		{4622E2F7-2D6F-4BB6-B82A-CD8A737459B2}.Debug|x86.ActiveCfg = Debug|x86
		{4622E2F7-2D6F-4BB6-B82A-CD8A737459B2}.Debug|x86.Build.0 = Debug|x86
		{4622E2F7-2D6F-4BB6-B82A-CD8A737459B2}.Debug|x86.Deploy.0 = Debug|x86
		{4622E2F7-2D6F-4BB6-B82A-CD8A737459B2}.Release|Any CPU.ActiveCfg = Release|Any CPU
		{4622E2F7-2D6F-4BB6-B82A-CD8A737459B2}.Release|Any CPU.Build.0 = Release|Any CPU
		{4622E2F7-2D6F-4BB6-B82A-CD8A737459B2}.Release|Any CPU.Deploy.0 = Release|Any CPU
		{4622E2F7-2D6F-4BB6-B82A-CD8A737459B2}.Release|ARM.ActiveCfg = Release|ARM
		{4622E2F7-2D6F-4BB6-B82A-CD8A737459B2}.Release|ARM.Build.0 = Release|ARM
		{4622E2F7-2D6F-4BB6-B82A-CD8A737459B2}.Release|ARM.Deploy.0 = Release|ARM
		{4622E2F7-2D6F-4BB6-B82A-CD8A737459B2}.Release|x64.ActiveCfg = Release|x64
		{4622E2F7-2D6F-4BB6-B82A-CD8A737459B2}.Release|x64.Build.0 = Release|x64
		{4622E2F7-2D6F-4BB6-B82A-CD8A737459B2}.Release|x64.Deploy.0 = Release|x64
		{4622E2F7-2D6F-4BB6-B82A-CD8A737459B2}.Release|x86.ActiveCfg = Release|x86
		{4622E2F7-2D6F-4BB6-B82A-CD8A737459B2}.Release|x86.Build.0 = Release|x86
		{4622E2F7-2D6F-4BB6-B82A-CD8A737459B2}.Release|x86.Deploy.0 = Release|x86
		{B0A751FB-1E5E-48BF-8B56-9C3C031F4E23}.Debug|Any CPU.ActiveCfg = Debug|Any CPU
		{B0A751FB-1E5E-48BF-8B56-9C3C031F4E23}.Debug|Any CPU.Build.0 = Debug|Any CPU
		{B0A751FB-1E5E-48BF-8B56-9C3C031F4E23}.Debug|Any CPU.Deploy.0 = Debug|Any CPU
		{B0A751FB-1E5E-48BF-8B56-9C3C031F4E23}.Debug|ARM.ActiveCfg = Debug|ARM
		{B0A751FB-1E5E-48BF-8B56-9C3C031F4E23}.Debug|ARM.Build.0 = Debug|ARM
		{B0A751FB-1E5E-48BF-8B56-9C3C031F4E23}.Debug|ARM.Deploy.0 = Debug|ARM
		{B0A751FB-1E5E-48BF-8B56-9C3C031F4E23}.Debug|x64.ActiveCfg = Debug|Any CPU
		{B0A751FB-1E5E-48BF-8B56-9C3C031F4E23}.Debug|x64.Build.0 = Debug|Any CPU
		{B0A751FB-1E5E-48BF-8B56-9C3C031F4E23}.Debug|x64.Deploy.0 = Debug|Any CPU
		{B0A751FB-1E5E-48BF-8B56-9C3C031F4E23}.Debug|x86.ActiveCfg = Debug|x86
		{B0A751FB-1E5E-48BF-8B56-9C3C031F4E23}.Debug|x86.Build.0 = Debug|x86
		{B0A751FB-1E5E-48BF-8B56-9C3C031F4E23}.Debug|x86.Deploy.0 = Debug|x86
		{B0A751FB-1E5E-48BF-8B56-9C3C031F4E23}.Release|Any CPU.ActiveCfg = Release|Any CPU
		{B0A751FB-1E5E-48BF-8B56-9C3C031F4E23}.Release|Any CPU.Build.0 = Release|Any CPU
		{B0A751FB-1E5E-48BF-8B56-9C3C031F4E23}.Release|Any CPU.Deploy.0 = Release|Any CPU
		{B0A751FB-1E5E-48BF-8B56-9C3C031F4E23}.Release|ARM.ActiveCfg = Release|ARM
		{B0A751FB-1E5E-48BF-8B56-9C3C031F4E23}.Release|ARM.Build.0 = Release|ARM
		{B0A751FB-1E5E-48BF-8B56-9C3C031F4E23}.Release|ARM.Deploy.0 = Release|ARM
		{B0A751FB-1E5E-48BF-8B56-9C3C031F4E23}.Release|x64.ActiveCfg = Release|Any CPU
		{B0A751FB-1E5E-48BF-8B56-9C3C031F4E23}.Release|x64.Build.0 = Release|Any CPU
		{B0A751FB-1E5E-48BF-8B56-9C3C031F4E23}.Release|x64.Deploy.0 = Release|Any CPU
		{B0A751FB-1E5E-48BF-8B56-9C3C031F4E23}.Release|x86.ActiveCfg = Release|x86
		{B0A751FB-1E5E-48BF-8B56-9C3C031F4E23}.Release|x86.Build.0 = Release|x86
		{B0A751FB-1E5E-48BF-8B56-9C3C031F4E23}.Release|x86.Deploy.0 = Release|x86
	EndGlobalSection
	GlobalSection(SolutionProperties) = preSolution
		HideSolutionNode = FALSE
	EndGlobalSection
	GlobalSection(NestedProjects) = preSolution
		{1FB3DB01-9DE5-4499-BA14-9202C7460B08} = {08FDD18A-31F9-4741-9C94-2CC0AA507CB1}
		{4622E2F7-2D6F-4BB6-B82A-CD8A737459B2} = {08FDD18A-31F9-4741-9C94-2CC0AA507CB1}
		{B0A751FB-1E5E-48BF-8B56-9C3C031F4E23} = {08FDD18A-31F9-4741-9C94-2CC0AA507CB1}
	EndGlobalSection
EndGlobal
