
Microsoft Visual Studio Solution File, Format Version 12.00
# Visual Studio 14
VisualStudioVersion = 14.0.24720.0
MinimumVisualStudioVersion = 10.0.40219.1
Project("{2150E333-8FDC-42A3-9474-1A3956D46DE8}") = "CButton8.1", "CButton8.1", "{37750DC4-DF18-4D6B-8713-2263D9BACB53}"
EndProject
Project("{D954291E-2A0B-460D-934E-DC6B0785DB48}") = "CButton8.1.Shared", "CButton8.1\CButton8.1.Shared\CButton8.1.Shared.shproj", "{5E1E2520-F127-4F55-9483-78539E2F72D3}"
EndProject
Project("{FAE04EC0-301F-11D3-BF4B-00C04F79EFBC}") = "CButton8.1.Windows", "CButton8.1\CButton8.1.Windows\CButton8.1.Windows.csproj", "{93CA1095-D671-427E-B888-B9B82778E9D4}"
EndProject
Project("{FAE04EC0-301F-11D3-BF4B-00C04F79EFBC}") = "CButton8.1.WindowsPhone", "CButton8.1\CButton8.1.WindowsPhone\CButton8.1.WindowsPhone.csproj", "{0CB2A3FB-A6F4-44D4-8A38-A316B5341F5A}"
EndProject
Global
	GlobalSection(SharedMSBuildProjectFiles) = preSolution
		CButton8.1\CButton8.1.Shared\CButton8.1.Shared.projitems*{5e1e2520-f127-4f55-9483-78539e2f72d3}*SharedItemsImports = 13
		CButton8.1\CButton8.1.Shared\CButton8.1.Shared.projitems*{93ca1095-d671-427e-b888-b9b82778e9d4}*SharedItemsImports = 4
		CButton8.1\CButton8.1.Shared\CButton8.1.Shared.projitems*{0cb2a3fb-a6f4-44d4-8a38-a316b5341f5a}*SharedItemsImports = 4
	EndGlobalSection
	GlobalSection(SolutionConfigurationPlatforms) = preSolution
		Debug|Any CPU = Debug|Any CPU
		Debug|ARM = Debug|ARM
		Debug|x64 = Debug|x64
		Debug|x86 = Debug|x86
		Release|Any CPU = Release|Any CPU
		Release|ARM = Release|ARM
		Release|x64 = Release|x64
		Release|x86 = Release|x86
	EndGlobalSection
	GlobalSection(ProjectConfigurationPlatforms) = postSolution
		{93CA1095-D671-427E-B888-B9B82778E9D4}.Debug|Any CPU.ActiveCfg = Debug|Any CPU
		{93CA1095-D671-427E-B888-B9B82778E9D4}.Debug|Any CPU.Build.0 = Debug|Any CPU
		{93CA1095-D671-427E-B888-B9B82778E9D4}.Debug|Any CPU.Deploy.0 = Debug|Any CPU
		{93CA1095-D671-427E-B888-B9B82778E9D4}.Debug|ARM.ActiveCfg = Debug|ARM
		{93CA1095-D671-427E-B888-B9B82778E9D4}.Debug|ARM.Build.0 = Debug|ARM
		{93CA1095-D671-427E-B888-B9B82778E9D4}.Debug|ARM.Deploy.0 = Debug|ARM
		{93CA1095-D671-427E-B888-B9B82778E9D4}.Debug|x64.ActiveCfg = Debug|x64
		{93CA1095-D671-427E-B888-B9B82778E9D4}.Debug|x64.Build.0 = Debug|x64
		{93CA1095-D671-427E-B888-B9B82778E9D4}.Debug|x64.Deploy.0 = Debug|x64
		{93CA1095-D671-427E-B888-B9B82778E9D4}.Debug|x86.ActiveCfg = Debug|x86
		{93CA1095-D671-427E-B888-B9B82778E9D4}.Debug|x86.Build.0 = Debug|x86
		{93CA1095-D671-427E-B888-B9B82778E9D4}.Debug|x86.Deploy.0 = Debug|x86
		{93CA1095-D671-427E-B888-B9B82778E9D4}.Release|Any CPU.ActiveCfg = Release|Any CPU
		{93CA1095-D671-427E-B888-B9B82778E9D4}.Release|Any CPU.Build.0 = Release|Any CPU
		{93CA1095-D671-427E-B888-B9B82778E9D4}.Release|Any CPU.Deploy.0 = Release|Any CPU
		{93CA1095-D671-427E-B888-B9B82778E9D4}.Release|ARM.ActiveCfg = Release|ARM
		{93CA1095-D671-427E-B888-B9B82778E9D4}.Release|ARM.Build.0 = Release|ARM
		{93CA1095-D671-427E-B888-B9B82778E9D4}.Release|ARM.Deploy.0 = Release|ARM
		{93CA1095-D671-427E-B888-B9B82778E9D4}.Release|x64.ActiveCfg = Release|x64
		{93CA1095-D671-427E-B888-B9B82778E9D4}.Release|x64.Build.0 = Release|x64
		{93CA1095-D671-427E-B888-B9B82778E9D4}.Release|x64.Deploy.0 = Release|x64
		{93CA1095-D671-427E-B888-B9B82778E9D4}.Release|x86.ActiveCfg = Release|x86
		{93CA1095-D671-427E-B888-B9B82778E9D4}.Release|x86.Build.0 = Release|x86
		{93CA1095-D671-427E-B888-B9B82778E9D4}.Release|x86.Deploy.0 = Release|x86
		{0CB2A3FB-A6F4-44D4-8A38-A316B5341F5A}.Debug|Any CPU.ActiveCfg = Debug|Any CPU
		{0CB2A3FB-A6F4-44D4-8A38-A316B5341F5A}.Debug|Any CPU.Build.0 = Debug|Any CPU
		{0CB2A3FB-A6F4-44D4-8A38-A316B5341F5A}.Debug|Any CPU.Deploy.0 = Debug|Any CPU
		{0CB2A3FB-A6F4-44D4-8A38-A316B5341F5A}.Debug|ARM.ActiveCfg = Debug|ARM
		{0CB2A3FB-A6F4-44D4-8A38-A316B5341F5A}.Debug|ARM.Build.0 = Debug|ARM
		{0CB2A3FB-A6F4-44D4-8A38-A316B5341F5A}.Debug|ARM.Deploy.0 = Debug|ARM
		{0CB2A3FB-A6F4-44D4-8A38-A316B5341F5A}.Debug|x64.ActiveCfg = Debug|Any CPU
		{0CB2A3FB-A6F4-44D4-8A38-A316B5341F5A}.Debug|x64.Build.0 = Debug|Any CPU
		{0CB2A3FB-A6F4-44D4-8A38-A316B5341F5A}.Debug|x64.Deploy.0 = Debug|Any CPU
		{0CB2A3FB-A6F4-44D4-8A38-A316B5341F5A}.Debug|x86.ActiveCfg = Debug|x86
		{0CB2A3FB-A6F4-44D4-8A38-A316B5341F5A}.Debug|x86.Build.0 = Debug|x86
		{0CB2A3FB-A6F4-44D4-8A38-A316B5341F5A}.Debug|x86.Deploy.0 = Debug|x86
		{0CB2A3FB-A6F4-44D4-8A38-A316B5341F5A}.Release|Any CPU.ActiveCfg = Release|Any CPU
		{0CB2A3FB-A6F4-44D4-8A38-A316B5341F5A}.Release|Any CPU.Build.0 = Release|Any CPU
		{0CB2A3FB-A6F4-44D4-8A38-A316B5341F5A}.Release|Any CPU.Deploy.0 = Release|Any CPU
		{0CB2A3FB-A6F4-44D4-8A38-A316B5341F5A}.Release|ARM.ActiveCfg = Release|ARM
		{0CB2A3FB-A6F4-44D4-8A38-A316B5341F5A}.Release|ARM.Build.0 = Release|ARM
		{0CB2A3FB-A6F4-44D4-8A38-A316B5341F5A}.Release|ARM.Deploy.0 = Release|ARM
		{0CB2A3FB-A6F4-44D4-8A38-A316B5341F5A}.Release|x64.ActiveCfg = Release|Any CPU
		{0CB2A3FB-A6F4-44D4-8A38-A316B5341F5A}.Release|x64.Build.0 = Release|Any CPU
		{0CB2A3FB-A6F4-44D4-8A38-A316B5341F5A}.Release|x64.Deploy.0 = Release|Any CPU
		{0CB2A3FB-A6F4-44D4-8A38-A316B5341F5A}.Release|x86.ActiveCfg = Release|x86
		{0CB2A3FB-A6F4-44D4-8A38-A316B5341F5A}.Release|x86.Build.0 = Release|x86
		{0CB2A3FB-A6F4-44D4-8A38-A316B5341F5A}.Release|x86.Deploy.0 = Release|x86
	EndGlobalSection
	GlobalSection(SolutionProperties) = preSolution
		HideSolutionNode = FALSE
	EndGlobalSection
	GlobalSection(NestedProjects) = preSolution
		{5E1E2520-F127-4F55-9483-78539E2F72D3} = {37750DC4-DF18-4D6B-8713-2263D9BACB53}
		{93CA1095-D671-427E-B888-B9B82778E9D4} = {37750DC4-DF18-4D6B-8713-2263D9BACB53}
		{0CB2A3FB-A6F4-44D4-8A38-A316B5341F5A} = {37750DC4-DF18-4D6B-8713-2263D9BACB53}
	EndGlobalSection
EndGlobal
