
Microsoft Visual Studio Solution File, Format Version 12.00
# Visual Studio 14
VisualStudioVersion = 14.0.25420.1
MinimumVisualStudioVersion = 10.0.40219.1
Project("{FAE04EC0-301F-11D3-BF4B-00C04F79EFBC}") = "Tracking Location in Background", "Tracking Location in Background\Tracking Location in Background.csproj", "{75C32C55-2FA7-4D08-9421-1924E46E7D3A}"
EndProject
Project("{FAE04EC0-301F-11D3-BF4B-00C04F79EFBC}") = "BackgroundTask", "BackgroundTask\BackgroundTask.csproj", "{572D0A32-A3A0-4423-9093-F5A86125A193}"
EndProject
Global
	GlobalSection(SolutionConfigurationPlatforms) = preSolution
		Debug|Any CPU = Debug|Any CPU
		Debug|ARM = Debug|ARM
		Debug|x64 = Debug|x64
		Debug|x86 = Debug|x86
		Release|Any CPU = Release|Any CPU
		Release|ARM = Release|ARM
		Release|x64 = Release|x64
		Release|x86 = Release|x86
	EndGlobalSection
	GlobalSection(ProjectConfigurationPlatforms) = postSolution
		{75C32C55-2FA7-4D08-9421-1924E46E7D3A}.Debug|Any CPU.ActiveCfg = Debug|x86
		{75C32C55-2FA7-4D08-9421-1924E46E7D3A}.Debug|ARM.ActiveCfg = Debug|ARM
		{75C32C55-2FA7-4D08-9421-1924E46E7D3A}.Debug|ARM.Build.0 = Debug|ARM
		{75C32C55-2FA7-4D08-9421-1924E46E7D3A}.Debug|ARM.Deploy.0 = Debug|ARM
		{75C32C55-2FA7-4D08-9421-1924E46E7D3A}.Debug|x64.ActiveCfg = Debug|x64
		{75C32C55-2FA7-4D08-9421-1924E46E7D3A}.Debug|x64.Build.0 = Debug|x64
		{75C32C55-2FA7-4D08-9421-1924E46E7D3A}.Debug|x64.Deploy.0 = Debug|x64
		{75C32C55-2FA7-4D08-9421-1924E46E7D3A}.Debug|x86.ActiveCfg = Debug|x86
		{75C32C55-2FA7-4D08-9421-1924E46E7D3A}.Debug|x86.Build.0 = Debug|x86
		{75C32C55-2FA7-4D08-9421-1924E46E7D3A}.Debug|x86.Deploy.0 = Debug|x86
		{75C32C55-2FA7-4D08-9421-1924E46E7D3A}.Release|Any CPU.ActiveCfg = Release|x86
		{75C32C55-2FA7-4D08-9421-1924E46E7D3A}.Release|ARM.ActiveCfg = Release|ARM
		{75C32C55-2FA7-4D08-9421-1924E46E7D3A}.Release|ARM.Build.0 = Release|ARM
		{75C32C55-2FA7-4D08-9421-1924E46E7D3A}.Release|ARM.Deploy.0 = Release|ARM
		{75C32C55-2FA7-4D08-9421-1924E46E7D3A}.Release|x64.ActiveCfg = Release|x64
		{75C32C55-2FA7-4D08-9421-1924E46E7D3A}.Release|x64.Build.0 = Release|x64
		{75C32C55-2FA7-4D08-9421-1924E46E7D3A}.Release|x64.Deploy.0 = Release|x64
		{75C32C55-2FA7-4D08-9421-1924E46E7D3A}.Release|x86.ActiveCfg = Release|x86
		{75C32C55-2FA7-4D08-9421-1924E46E7D3A}.Release|x86.Build.0 = Release|x86
		{75C32C55-2FA7-4D08-9421-1924E46E7D3A}.Release|x86.Deploy.0 = Release|x86
		{572D0A32-A3A0-4423-9093-F5A86125A193}.Debug|Any CPU.ActiveCfg = Debug|Any CPU
		{572D0A32-A3A0-4423-9093-F5A86125A193}.Debug|Any CPU.Build.0 = Debug|Any CPU
		{572D0A32-A3A0-4423-9093-F5A86125A193}.Debug|ARM.ActiveCfg = Debug|ARM
		{572D0A32-A3A0-4423-9093-F5A86125A193}.Debug|ARM.Build.0 = Debug|ARM
		{572D0A32-A3A0-4423-9093-F5A86125A193}.Debug|x64.ActiveCfg = Debug|x64
		{572D0A32-A3A0-4423-9093-F5A86125A193}.Debug|x64.Build.0 = Debug|x64
		{572D0A32-A3A0-4423-9093-F5A86125A193}.Debug|x86.ActiveCfg = Debug|x86
		{572D0A32-A3A0-4423-9093-F5A86125A193}.Debug|x86.Build.0 = Debug|x86
		{572D0A32-A3A0-4423-9093-F5A86125A193}.Release|Any CPU.ActiveCfg = Release|Any CPU
		{572D0A32-A3A0-4423-9093-F5A86125A193}.Release|Any CPU.Build.0 = Release|Any CPU
		{572D0A32-A3A0-4423-9093-F5A86125A193}.Release|ARM.ActiveCfg = Release|ARM
		{572D0A32-A3A0-4423-9093-F5A86125A193}.Release|ARM.Build.0 = Release|ARM
		{572D0A32-A3A0-4423-9093-F5A86125A193}.Release|x64.ActiveCfg = Release|x64
		{572D0A32-A3A0-4423-9093-F5A86125A193}.Release|x64.Build.0 = Release|x64
		{572D0A32-A3A0-4423-9093-F5A86125A193}.Release|x86.ActiveCfg = Release|x86
		{572D0A32-A3A0-4423-9093-F5A86125A193}.Release|x86.Build.0 = Release|x86
	EndGlobalSection
	GlobalSection(SolutionProperties) = preSolution
		HideSolutionNode = FALSE
	EndGlobalSection
EndGlobal
